
Microsoft Visual Studio Solution File, Format Version 12.00
# Visual Studio Version 17
VisualStudioVersion = 17.13.35828.75 d17.13
MinimumVisualStudioVersion = 10.0.40219.1
Project("{FAE04EC0-301F-11D3-BF4B-00C04F79EFBC}") = "1014-consumo", "1014-consumo\1014-consumo.csproj", "{2CC6B14F-3E82-4D11-A331-48A0EC3F9CA4}"
EndProject
Global
	GlobalSection(SolutionConfigurationPlatforms) = preSolution
		Debug|Any CPU = Debug|Any CPU
		Release|Any CPU = Release|Any CPU
	EndGlobalSection
	GlobalSection(ProjectConfigurationPlatforms) = postSolution
		{2CC6B14F-3E82-4D11-A331-48A0EC3F9CA4}.Debug|Any CPU.ActiveCfg = Debug|Any CPU
		{2CC6B14F-3E82-4D11-A331-48A0EC3F9CA4}.Debug|Any CPU.Build.0 = Debug|Any CPU
		{2CC6B14F-3E82-4D11-A331-48A0EC3F9CA4}.Release|Any CPU.ActiveCfg = Release|Any CPU
		{2CC6B14F-3E82-4D11-A331-48A0EC3F9CA4}.Release|Any CPU.Build.0 = Release|Any CPU
	EndGlobalSection
	GlobalSection(SolutionProperties) = preSolution
		HideSolutionNode = FALSE
	EndGlobalSection
	GlobalSection(ExtensibilityGlobals) = postSolution
		SolutionGuid = {C9462E7A-9D95-4483-9A17-C544E7693C72}
	EndGlobalSection
EndGlobal
