
Microsoft Visual Studio Solution File, Format Version 12.00
# Visual Studio Version 17
VisualStudioVersion = 17.13.35828.75 d17.13
MinimumVisualStudioVersion = 10.0.40219.1
Project("{FAE04EC0-301F-11D3-BF4B-00C04F79EFBC}") = "1010-calculo-simples", "1010-calculo-simples\1010-calculo-simples.csproj", "{FF18017A-D332-4934-8149-CDE9722E5FEF}"
EndProject
Global
	GlobalSection(SolutionConfigurationPlatforms) = preSolution
		Debug|Any CPU = Debug|Any CPU
		Release|Any CPU = Release|Any CPU
	EndGlobalSection
	GlobalSection(ProjectConfigurationPlatforms) = postSolution
		{FF18017A-D332-4934-8149-CDE9722E5FEF}.Debug|Any CPU.ActiveCfg = Debug|Any CPU
		{FF18017A-D332-4934-8149-CDE9722E5FEF}.Debug|Any CPU.Build.0 = Debug|Any CPU
		{FF18017A-D332-4934-8149-CDE9722E5FEF}.Release|Any CPU.ActiveCfg = Release|Any CPU
		{FF18017A-D332-4934-8149-CDE9722E5FEF}.Release|Any CPU.Build.0 = Release|Any CPU
	EndGlobalSection
	GlobalSection(SolutionProperties) = preSolution
		HideSolutionNode = FALSE
	EndGlobalSection
	GlobalSection(ExtensibilityGlobals) = postSolution
		SolutionGuid = {C89ABC70-0B9B-46E1-B147-9E58BB80E223}
	EndGlobalSection
EndGlobal
