
Microsoft Visual Studio Solution File, Format Version 12.00
# Visual Studio Version 17
VisualStudioVersion = 17.13.35828.75 d17.13
MinimumVisualStudioVersion = 10.0.40219.1
Project("{FAE04EC0-301F-11D3-BF4B-00C04F79EFBC}") = "1015-distancia-entre-dois-pontos", "1015-distancia-entre-dois-pontos\1015-distancia-entre-dois-pontos.csproj", "{D9DFD1F8-FBFA-477E-B2C1-550737B5DBE4}"
EndProject
Global
	GlobalSection(SolutionConfigurationPlatforms) = preSolution
		Debug|Any CPU = Debug|Any CPU
		Release|Any CPU = Release|Any CPU
	EndGlobalSection
	GlobalSection(ProjectConfigurationPlatforms) = postSolution
		{D9DFD1F8-FBFA-477E-B2C1-550737B5DBE4}.Debug|Any CPU.ActiveCfg = Debug|Any CPU
		{D9DFD1F8-FBFA-477E-B2C1-550737B5DBE4}.Debug|Any CPU.Build.0 = Debug|Any CPU
		{D9DFD1F8-FBFA-477E-B2C1-550737B5DBE4}.Release|Any CPU.ActiveCfg = Release|Any CPU
		{D9DFD1F8-FBFA-477E-B2C1-550737B5DBE4}.Release|Any CPU.Build.0 = Release|Any CPU
	EndGlobalSection
	GlobalSection(SolutionProperties) = preSolution
		HideSolutionNode = FALSE
	EndGlobalSection
	GlobalSection(ExtensibilityGlobals) = postSolution
		SolutionGuid = {25A99C35-C564-417E-B106-F1CE78531AD5}
	EndGlobalSection
EndGlobal
